dependencies:
- name: loki
  repository: https://grafana.github.io/helm-charts
  version: 5.6.4
- name: grafana
  repository: https://grafana.github.io/helm-charts
  version: 6.52.9
- name: promtail
  repository: https://grafana.github.io/helm-charts
  version: 6.11.3
- name: cert-manager
  repository: https://charts.jetstack.io
  version: v1.12.1
- name: opentelemetry-collector
  repository: https://open-telemetry.github.io/opentelemetry-helm-charts
  version: 0.52.1
- name: prometheus
  repository: https://prometheus-community.github.io/helm-charts
  version: 15.5.4
- name: mimir-distributed
  repository: https://grafana.github.io/helm-charts
  version: 4.3.1
- name: tempo-distributed
  repository: https://grafana.github.io/helm-charts
  version: 1.2.11
- name: tempo
  repository: https://grafana.github.io/helm-charts
  version: 1.0.3
digest: sha256:48a904e903ebc5a39055b1c5438bb8a7dfe0445fb639ff5f0be9b48eb13b0775
generated: "2023-06-09T03:59:35.660697+04:00"
